
Microsoft Visual Studio Solution File, Format Version 12.00
# Visual Studio 15
VisualStudioVersion = 15.0.27428.2037
MinimumVisualStudioVersion = 10.0.40219.1
Project("{FAE04EC0-301F-11D3-BF4B-00C04F79EFBC}") = "Kursa4", "Kursa4\Kursa4.csproj", "{4B13AB4F-D991-4B2A-961D-FA4B04DC92EE}"
EndProject
Global
	GlobalSection(SolutionConfigurationPlatforms) = preSolution
		Debug|Any CPU = Debug|Any CPU
		Release|Any CPU = Release|Any CPU
	EndGlobalSection
	GlobalSection(ProjectConfigurationPlatforms) = postSolution
		{4B13AB4F-D991-4B2A-961D-FA4B04DC92EE}.Debug|Any CPU.ActiveCfg = Debug|Any CPU
		{4B13AB4F-D991-4B2A-961D-FA4B04DC92EE}.Debug|Any CPU.Build.0 = Debug|Any CPU
		{4B13AB4F-D991-4B2A-961D-FA4B04DC92EE}.Release|Any CPU.ActiveCfg = Release|Any CPU
		{4B13AB4F-D991-4B2A-961D-FA4B04DC92EE}.Release|Any CPU.Build.0 = Release|Any CPU
	EndGlobalSection
	GlobalSection(SolutionProperties) = preSolution
		HideSolutionNode = FALSE
	EndGlobalSection
	GlobalSection(ExtensibilityGlobals) = postSolution
		SolutionGuid = {93C6A07C-6892-4F28-AC8C-74974F2F0B4A}
	EndGlobalSection
EndGlobal
